// !$*UTF8*$!
{
	archiveVersion = 1;
	classes = {
	};
	objectVersion = 46;
	objects = {

/* Begin PBXBuildFile section */
		A06C98401520564B00609E33 /* OSNService.m in Sources */ = {isa = PBXBuildFile; fileRef = A06C983F1520564B00609E33 /* OSNService.m */; };
		A06C98451520679D00609E33 /* OSNResource.m in Sources */ = {isa = PBXBuildFile; fileRef = A06C98441520679D00609E33 /* OSNResource.m */; };
		A06C984915206A5C00609E33 /* OSNEntry.m in Sources */ = {isa = PBXBuildFile; fileRef = A06C984815206A5C00609E33 /* OSNEntry.m */; };
		A06C984C1520740A00609E33 /* OSNExtras.m in Sources */ = {isa = PBXBuildFile; fileRef = A06C984B1520740A00609E33 /* OSNExtras.m */; };
		A07FA48B151B8F06007687CF /* UIKit.framework in Frameworks */ = {isa = PBXBuildFile; fileRef = A07FA48A151B8F06007687CF /* UIKit.framework */; };
		A07FA48D151B8F06007687CF /* Foundation.framework in Frameworks */ = {isa = PBXBuildFile; fileRef = A07FA48C151B8F06007687CF /* Foundation.framework */; };
		A07FA48F151B8F06007687CF /* CoreGraphics.framework in Frameworks */ = {isa = PBXBuildFile; fileRef = A07FA48E151B8F06007687CF /* CoreGraphics.framework */; };
		A07FA495151B8F06007687CF /* InfoPlist.strings in Resources */ = {isa = PBXBuildFile; fileRef = A07FA493151B8F06007687CF /* InfoPlist.strings */; };
		A07FA497151B8F06007687CF /* main.m in Sources */ = {isa = PBXBuildFile; fileRef = A07FA496151B8F06007687CF /* main.m */; };
		A07FA49B151B8F06007687CF /* AppDelegate.m in Sources */ = {isa = PBXBuildFile; fileRef = A07FA49A151B8F06007687CF /* AppDelegate.m */; };
		A07FA49E151B8F06007687CF /* MainStoryboard.storyboard in Resources */ = {isa = PBXBuildFile; fileRef = A07FA49C151B8F06007687CF /* MainStoryboard.storyboard */; };
		A07FA4A1151B8F06007687CF /* ViewController.m in Sources */ = {isa = PBXBuildFile; fileRef = A07FA4A0151B8F06007687CF /* ViewController.m */; };
		A07FA4B1151B970A007687CF /* HTTPFetcher.m in Sources */ = {isa = PBXBuildFile; fileRef = A07FA4AA151B970A007687CF /* HTTPFetcher.m */; settings = {COMPILER_FLAGS = "-fno-objc-arc"; }; };
		A07FA4B2151B970A007687CF /* JSONFetcher.m in Sources */ = {isa = PBXBuildFile; fileRef = A07FA4AC151B970A007687CF /* JSONFetcher.m */; settings = {COMPILER_FLAGS = "-fno-objc-arc"; }; };
		A07FA4B3151B970A007687CF /* XMLFetcher.m in Sources */ = {isa = PBXBuildFile; fileRef = A07FA4AE151B970A007687CF /* XMLFetcher.m */; settings = {COMPILER_FLAGS = "-fno-objc-arc"; }; };
		A07FA4B4151B970A007687CF /* XPathResultNode.m in Sources */ = {isa = PBXBuildFile; fileRef = A07FA4B0151B970A007687CF /* XPathResultNode.m */; settings = {COMPILER_FLAGS = "-fno-objc-arc"; }; };
		A07FA4FA151C70DD007687CF /* NSObject+SBJson.m in Sources */ = {isa = PBXBuildFile; fileRef = A07FA4E2151C70DD007687CF /* NSObject+SBJson.m */; settings = {COMPILER_FLAGS = "-fno-objc-arc"; }; };
		A07FA4FB151C70DD007687CF /* SBJsonParser.m in Sources */ = {isa = PBXBuildFile; fileRef = A07FA4E5151C70DD007687CF /* SBJsonParser.m */; settings = {COMPILER_FLAGS = "-fno-objc-arc"; }; };
		A07FA4FC151C70DD007687CF /* SBJsonStreamParser.m in Sources */ = {isa = PBXBuildFile; fileRef = A07FA4E7151C70DD007687CF /* SBJsonStreamParser.m */; settings = {COMPILER_FLAGS = "-fno-objc-arc"; }; };
		A07FA4FD151C70DD007687CF /* SBJsonStreamParserAccumulator.m in Sources */ = {isa = PBXBuildFile; fileRef = A07FA4E9151C70DD007687CF /* SBJsonStreamParserAccumulator.m */; settings = {COMPILER_FLAGS = "-fno-objc-arc"; }; };
		A07FA4FE151C70DD007687CF /* SBJsonStreamParserAdapter.m in Sources */ = {isa = PBXBuildFile; fileRef = A07FA4EB151C70DD007687CF /* SBJsonStreamParserAdapter.m */; settings = {COMPILER_FLAGS = "-fno-objc-arc"; }; };
		A07FA4FF151C70DD007687CF /* SBJsonStreamParserState.m in Sources */ = {isa = PBXBuildFile; fileRef = A07FA4ED151C70DD007687CF /* SBJsonStreamParserState.m */; settings = {COMPILER_FLAGS = "-fno-objc-arc"; }; };
		A07FA500151C70DD007687CF /* SBJsonStreamWriter.m in Sources */ = {isa = PBXBuildFile; fileRef = A07FA4EF151C70DD007687CF /* SBJsonStreamWriter.m */; settings = {COMPILER_FLAGS = "-fno-objc-arc"; }; };
		A07FA501151C70DD007687CF /* SBJsonStreamWriterAccumulator.m in Sources */ = {isa = PBXBuildFile; fileRef = A07FA4F1151C70DD007687CF /* SBJsonStreamWriterAccumulator.m */; settings = {COMPILER_FLAGS = "-fno-objc-arc"; }; };
		A07FA502151C70DD007687CF /* SBJsonStreamWriterState.m in Sources */ = {isa = PBXBuildFile; fileRef = A07FA4F3151C70DD007687CF /* SBJsonStreamWriterState.m */; settings = {COMPILER_FLAGS = "-fno-objc-arc"; }; };
		A07FA503151C70DD007687CF /* SBJsonTokeniser.m in Sources */ = {isa = PBXBuildFile; fileRef = A07FA4F5151C70DD007687CF /* SBJsonTokeniser.m */; settings = {COMPILER_FLAGS = "-fno-objc-arc"; }; };
		A07FA504151C70DD007687CF /* SBJsonUTF8Stream.m in Sources */ = {isa = PBXBuildFile; fileRef = A07FA4F7151C70DD007687CF /* SBJsonUTF8Stream.m */; settings = {COMPILER_FLAGS = "-fno-objc-arc"; }; };
		A07FA505151C70DD007687CF /* SBJsonWriter.m in Sources */ = {isa = PBXBuildFile; fileRef = A07FA4F9151C70DD007687CF /* SBJsonWriter.m */; settings = {COMPILER_FLAGS = "-fno-objc-arc"; }; };
		A07FA50D151C7F21007687CF /* libxml2.2.dylib in Frameworks */ = {isa = PBXBuildFile; fileRef = A07FA50C151C7F21007687CF /* libxml2.2.dylib */; };
		A0CD67191520B17D00B402AB /* ViewController2.m in Sources */ = {isa = PBXBuildFile; fileRef = A0CD67181520B17D00B402AB /* ViewController2.m */; };
		A0CD67331520C44B00B402AB /* ValueViewController.m in Sources */ = {isa = PBXBuildFile; fileRef = A0CD67321520C44A00B402AB /* ValueViewController.m */; };
		A0CD680F1521FB9B00B402AB /* OSNUtilities.m in Sources */ = {isa = PBXBuildFile; fileRef = A0CD680E1521FB9B00B402AB /* OSNUtilities.m */; };
		A0CD681415231A8A00B402AB /* Parking.m in Sources */ = {isa = PBXBuildFile; fileRef = A0CD681315231A8A00B402AB /* Parking.m */; };
/* End PBXBuildFile section */

/* Begin PBXFileReference section */
		A06C983E1520564B00609E33 /* OSNService.h */ = {isa = PBXFileReference; fileEncoding = 4; lastKnownFileType = sourcecode.c.h; path = OSNService.h; sourceTree = "<group>"; };
		A06C983F1520564B00609E33 /* OSNService.m */ = {isa = PBXFileReference; fileEncoding = 4; lastKnownFileType = sourcecode.c.objc; path = OSNService.m; sourceTree = "<group>"; };
		A06C98431520679D00609E33 /* OSNResource.h */ = {isa = PBXFileReference; fileEncoding = 4; lastKnownFileType = sourcecode.c.h; path = OSNResource.h; sourceTree = "<group>"; };
		A06C98441520679D00609E33 /* OSNResource.m */ = {isa = PBXFileReference; fileEncoding = 4; lastKnownFileType = sourcecode.c.objc; path = OSNResource.m; sourceTree = "<group>"; };
		A06C9846152069B500609E33 /* OSN.h */ = {isa = PBXFileReference; lastKnownFileType = sourcecode.c.h; path = OSN.h; sourceTree = "<group>"; };
		A06C984715206A5C00609E33 /* OSNEntry.h */ = {isa = PBXFileReference; fileEncoding = 4; lastKnownFileType = sourcecode.c.h; path = OSNEntry.h; sourceTree = "<group>"; };
		A06C984815206A5C00609E33 /* OSNEntry.m */ = {isa = PBXFileReference; fileEncoding = 4; lastKnownFileType = sourcecode.c.objc; path = OSNEntry.m; sourceTree = "<group>"; };
		A06C984A1520740A00609E33 /* OSNExtras.h */ = {isa = PBXFileReference; fileEncoding = 4; lastKnownFileType = sourcecode.c.h; path = OSNExtras.h; sourceTree = "<group>"; };
		A06C984B1520740A00609E33 /* OSNExtras.m */ = {isa = PBXFileReference; fileEncoding = 4; lastKnownFileType = sourcecode.c.objc; path = OSNExtras.m; sourceTree = "<group>"; };
		A07FA486151B8F06007687CF /* UseOSNService.app */ = {isa = PBXFileReference; explicitFileType = wrapper.application; includeInIndex = 0; path = UseOSNService.app; sourceTree = BUILT_PRODUCTS_DIR; };
		A07FA48A151B8F06007687CF /* UIKit.framework */ = {isa = PBXFileReference; lastKnownFileType = wrapper.framework; name = UIKit.framework; path = System/Library/Frameworks/UIKit.framework; sourceTree = SDKROOT; };
		A07FA48C151B8F06007687CF /* Foundation.framework */ = {isa = PBXFileReference; lastKnownFileType = wrapper.framework; name = Foundation.framework; path = System/Library/Frameworks/Foundation.framework; sourceTree = SDKROOT; };
		A07FA48E151B8F06007687CF /* CoreGraphics.framework */ = {isa = PBXFileReference; lastKnownFileType = wrapper.framework; name = CoreGraphics.framework; path = System/Library/Frameworks/CoreGraphics.framework; sourceTree = SDKROOT; };
		A07FA492151B8F06007687CF /* UseOSNService-Info.plist */ = {isa = PBXFileReference; lastKnownFileType = text.plist.xml; path = "UseOSNService-Info.plist"; sourceTree = "<group>"; };
		A07FA494151B8F06007687CF /* en */ = {isa = PBXFileReference; lastKnownFileType = text.plist.strings; name = en; path = en.lproj/InfoPlist.strings; sourceTree = "<group>"; };
		A07FA496151B8F06007687CF /* main.m */ = {isa = PBXFileReference; lastKnownFileType = sourcecode.c.objc; path = main.m; sourceTree = "<group>"; };
		A07FA498151B8F06007687CF /* UseOSNService-Prefix.pch */ = {isa = PBXFileReference; lastKnownFileType = sourcecode.c.h; path = "UseOSNService-Prefix.pch"; sourceTree = "<group>"; };
		A07FA499151B8F06007687CF /* AppDelegate.h */ = {isa = PBXFileReference; lastKnownFileType = sourcecode.c.h; path = AppDelegate.h; sourceTree = "<group>"; };
		A07FA49A151B8F06007687CF /* AppDelegate.m */ = {isa = PBXFileReference; lastKnownFileType = sourcecode.c.objc; path = AppDelegate.m; sourceTree = "<group>"; };
		A07FA49D151B8F06007687CF /* en */ = {isa = PBXFileReference; lastKnownFileType = file.storyboard; name = en; path = en.lproj/MainStoryboard.storyboard; sourceTree = "<group>"; };
		A07FA49F151B8F06007687CF /* ViewController.h */ = {isa = PBXFileReference; lastKnownFileType = sourcecode.c.h; path = ViewController.h; sourceTree = "<group>"; };
		A07FA4A0151B8F06007687CF /* ViewController.m */ = {isa = PBXFileReference; lastKnownFileType = sourcecode.c.objc; path = ViewController.m; sourceTree = "<group>"; };
		A07FA4A9151B970A007687CF /* HTTPFetcher.h */ = {isa = PBXFileReference; fileEncoding = 4; lastKnownFileType = sourcecode.c.h; path = HTTPFetcher.h; sourceTree = "<group>"; };
		A07FA4AA151B970A007687CF /* HTTPFetcher.m */ = {isa = PBXFileReference; fileEncoding = 4; lastKnownFileType = sourcecode.c.objc; path = HTTPFetcher.m; sourceTree = "<group>"; };
		A07FA4AB151B970A007687CF /* JSONFetcher.h */ = {isa = PBXFileReference; fileEncoding = 4; lastKnownFileType = sourcecode.c.h; path = JSONFetcher.h; sourceTree = "<group>"; };
		A07FA4AC151B970A007687CF /* JSONFetcher.m */ = {isa = PBXFileReference; fileEncoding = 4; lastKnownFileType = sourcecode.c.objc; path = JSONFetcher.m; sourceTree = "<group>"; };
		A07FA4AD151B970A007687CF /* XMLFetcher.h */ = {isa = PBXFileReference; fileEncoding = 4; lastKnownFileType = sourcecode.c.h; path = XMLFetcher.h; sourceTree = "<group>"; };
		A07FA4AE151B970A007687CF /* XMLFetcher.m */ = {isa = PBXFileReference; fileEncoding = 4; lastKnownFileType = sourcecode.c.objc; path = XMLFetcher.m; sourceTree = "<group>"; };
		A07FA4AF151B970A007687CF /* XPathResultNode.h */ = {isa = PBXFileReference; fileEncoding = 4; lastKnownFileType = sourcecode.c.h; path = XPathResultNode.h; sourceTree = "<group>"; };
		A07FA4B0151B970A007687CF /* XPathResultNode.m */ = {isa = PBXFileReference; fileEncoding = 4; lastKnownFileType = sourcecode.c.objc; path = XPathResultNode.m; sourceTree = "<group>"; };
		A07FA4E0151C70DD007687CF /* JSON.h */ = {isa = PBXFileReference; fileEncoding = 4; lastKnownFileType = sourcecode.c.h; path = JSON.h; sourceTree = "<group>"; };
		A07FA4E1151C70DD007687CF /* NSObject+SBJson.h */ = {isa = PBXFileReference; fileEncoding = 4; lastKnownFileType = sourcecode.c.h; path = "NSObject+SBJson.h"; sourceTree = "<group>"; };
		A07FA4E2151C70DD007687CF /* NSObject+SBJson.m */ = {isa = PBXFileReference; fileEncoding = 4; lastKnownFileType = sourcecode.c.objc; path = "NSObject+SBJson.m"; sourceTree = "<group>"; };
		A07FA4E3151C70DD007687CF /* SBJson.h */ = {isa = PBXFileReference; fileEncoding = 4; lastKnownFileType = sourcecode.c.h; path = SBJson.h; sourceTree = "<group>"; };
		A07FA4E4151C70DD007687CF /* SBJsonParser.h */ = {isa = PBXFileReference; fileEncoding = 4; lastKnownFileType = sourcecode.c.h; path = SBJsonParser.h; sourceTree = "<group>"; };
		A07FA4E5151C70DD007687CF /* SBJsonParser.m */ = {isa = PBXFileReference; fileEncoding = 4; lastKnownFileType = sourcecode.c.objc; path = SBJsonParser.m; sourceTree = "<group>"; };
		A07FA4E6151C70DD007687CF /* SBJsonStreamParser.h */ = {isa = PBXFileReference; fileEncoding = 4; lastKnownFileType = sourcecode.c.h; path = SBJsonStreamParser.h; sourceTree = "<group>"; };
		A07FA4E7151C70DD007687CF /* SBJsonStreamParser.m */ = {isa = PBXFileReference; fileEncoding = 4; lastKnownFileType = sourcecode.c.objc; path = SBJsonStreamParser.m; sourceTree = "<group>"; };
		A07FA4E8151C70DD007687CF /* SBJsonStreamParserAccumulator.h */ = {isa = PBXFileReference; fileEncoding = 4; lastKnownFileType = sourcecode.c.h; path = SBJsonStreamParserAccumulator.h; sourceTree = "<group>"; };
		A07FA4E9151C70DD007687CF /* SBJsonStreamParserAccumulator.m */ = {isa = PBXFileReference; fileEncoding = 4; lastKnownFileType = sourcecode.c.objc; path = SBJsonStreamParserAccumulator.m; sourceTree = "<group>"; };
		A07FA4EA151C70DD007687CF /* SBJsonStreamParserAdapter.h */ = {isa = PBXFileReference; fileEncoding = 4; lastKnownFileType = sourcecode.c.h; path = SBJsonStreamParserAdapter.h; sourceTree = "<group>"; };
		A07FA4EB151C70DD007687CF /* SBJsonStreamParserAdapter.m */ = {isa = PBXFileReference; fileEncoding = 4; lastKnownFileType = sourcecode.c.objc; path = SBJsonStreamParserAdapter.m; sourceTree = "<group>"; };
		A07FA4EC151C70DD007687CF /* SBJsonStreamParserState.h */ = {isa = PBXFileReference; fileEncoding = 4; lastKnownFileType = sourcecode.c.h; path = SBJsonStreamParserState.h; sourceTree = "<group>"; };
		A07FA4ED151C70DD007687CF /* SBJsonStreamParserState.m */ = {isa = PBXFileReference; fileEncoding = 4; lastKnownFileType = sourcecode.c.objc; path = SBJsonStreamParserState.m; sourceTree = "<group>"; };
		A07FA4EE151C70DD007687CF /* SBJsonStreamWriter.h */ = {isa = PBXFileReference; fileEncoding = 4; lastKnownFileType = sourcecode.c.h; path = SBJsonStreamWriter.h; sourceTree = "<group>"; };
		A07FA4EF151C70DD007687CF /* SBJsonStreamWriter.m */ = {isa = PBXFileReference; fileEncoding = 4; lastKnownFileType = sourcecode.c.objc; path = SBJsonStreamWriter.m; sourceTree = "<group>"; };
		A07FA4F0151C70DD007687CF /* SBJsonStreamWriterAccumulator.h */ = {isa = PBXFileReference; fileEncoding = 4; lastKnownFileType = sourcecode.c.h; path = SBJsonStreamWriterAccumulator.h; sourceTree = "<group>"; };
		A07FA4F1151C70DD007687CF /* SBJsonStreamWriterAccumulator.m */ = {isa = PBXFileReference; fileEncoding = 4; lastKnownFileType = sourcecode.c.objc; path = SBJsonStreamWriterAccumulator.m; sourceTree = "<group>"; };
		A07FA4F2151C70DD007687CF /* SBJsonStreamWriterState.h */ = {isa = PBXFileReference; fileEncoding = 4; lastKnownFileType = sourcecode.c.h; path = SBJsonStreamWriterState.h; sourceTree = "<group>"; };
		A07FA4F3151C70DD007687CF /* SBJsonStreamWriterState.m */ = {isa = PBXFileReference; fileEncoding = 4; lastKnownFileType = sourcecode.c.objc; path = SBJsonStreamWriterState.m; sourceTree = "<group>"; };
		A07FA4F4151C70DD007687CF /* SBJsonTokeniser.h */ = {isa = PBXFileReference; fileEncoding = 4; lastKnownFileType = sourcecode.c.h; path = SBJsonTokeniser.h; sourceTree = "<group>"; };
		A07FA4F5151C70DD007687CF /* SBJsonTokeniser.m */ = {isa = PBXFileReference; fileEncoding = 4; lastKnownFileType = sourcecode.c.objc; path = SBJsonTokeniser.m; sourceTree = "<group>"; };
		A07FA4F6151C70DD007687CF /* SBJsonUTF8Stream.h */ = {isa = PBXFileReference; fileEncoding = 4; lastKnownFileType = sourcecode.c.h; path = SBJsonUTF8Stream.h; sourceTree = "<group>"; };
		A07FA4F7151C70DD007687CF /* SBJsonUTF8Stream.m */ = {isa = PBXFileReference; fileEncoding = 4; lastKnownFileType = sourcecode.c.objc; path = SBJsonUTF8Stream.m; sourceTree = "<group>"; };
		A07FA4F8151C70DD007687CF /* SBJsonWriter.h */ = {isa = PBXFileReference; fileEncoding = 4; lastKnownFileType = sourcecode.c.h; path = SBJsonWriter.h; sourceTree = "<group>"; };
		A07FA4F9151C70DD007687CF /* SBJsonWriter.m */ = {isa = PBXFileReference; fileEncoding = 4; lastKnownFileType = sourcecode.c.objc; path = SBJsonWriter.m; sourceTree = "<group>"; };
		A07FA50C151C7F21007687CF /* libxml2.2.dylib */ = {isa = PBXFileReference; lastKnownFileType = "compiled.mach-o.dylib"; name = libxml2.2.dylib; path = usr/lib/libxml2.2.dylib; sourceTree = SDKROOT; };
		A0CD67171520B17D00B402AB /* ViewController2.h */ = {isa = PBXFileReference; fileEncoding = 4; lastKnownFileType = sourcecode.c.h; path = ViewController2.h; sourceTree = "<group>"; };
		A0CD67181520B17D00B402AB /* ViewController2.m */ = {isa = PBXFileReference; fileEncoding = 4; lastKnownFileType = sourcecode.c.objc; path = ViewController2.m; sourceTree = "<group>"; };
		A0CD67311520C44A00B402AB /* ValueViewController.h */ = {isa = PBXFileReference; fileEncoding = 4; lastKnownFileType = sourcecode.c.h; path = ValueViewController.h; sourceTree = "<group>"; };
		A0CD67321520C44A00B402AB /* ValueViewController.m */ = {isa = PBXFileReference; fileEncoding = 4; lastKnownFileType = sourcecode.c.objc; path = ValueViewController.m; sourceTree = "<group>"; };
		A0CD680D1521FB9B00B402AB /* OSNUtilities.h */ = {isa = PBXFileReference; fileEncoding = 4; lastKnownFileType = sourcecode.c.h; path = OSNUtilities.h; sourceTree = "<group>"; };
		A0CD680E1521FB9B00B402AB /* OSNUtilities.m */ = {isa = PBXFileReference; fileEncoding = 4; lastKnownFileType = sourcecode.c.objc; path = OSNUtilities.m; sourceTree = "<group>"; };
		A0CD681215231A8A00B402AB /* Parking.h */ = {isa = PBXFileReference; fileEncoding = 4; lastKnownFileType = sourcecode.c.h; path = Parking.h; sourceTree = "<group>"; };
		A0CD681315231A8A00B402AB /* Parking.m */ = {isa = PBXFileReference; fileEncoding = 4; lastKnownFileType = sourcecode.c.objc; path = Parking.m; sourceTree = "<group>"; };
/* End PBXFileReference section */

/* Begin PBXFrameworksBuildPhase section */
		A07FA483151B8F06007687CF /* Frameworks */ = {
			isa = PBXFrameworksBuildPhase;
			buildActionMask = 2147483647;
			files = (
				A07FA50D151C7F21007687CF /* libxml2.2.dylib in Frameworks */,
				A07FA48B151B8F06007687CF /* UIKit.framework in Frameworks */,
				A07FA48D151B8F06007687CF /* Foundation.framework in Frameworks */,
				A07FA48F151B8F06007687CF /* CoreGraphics.framework in Frameworks */,
			);
			runOnlyForDeploymentPostprocessing = 0;
		};
/* End PBXFrameworksBuildPhase section */

/* Begin PBXGroup section */
		A06C98421520565B00609E33 /* OSN Model */ = {
			isa = PBXGroup;
			children = (
				A06C9846152069B500609E33 /* OSN.h */,
				A06C983E1520564B00609E33 /* OSNService.h */,
				A06C983F1520564B00609E33 /* OSNService.m */,
				A06C98431520679D00609E33 /* OSNResource.h */,
				A06C98441520679D00609E33 /* OSNResource.m */,
				A06C984715206A5C00609E33 /* OSNEntry.h */,
				A06C984815206A5C00609E33 /* OSNEntry.m */,
				A06C984A1520740A00609E33 /* OSNExtras.h */,
				A06C984B1520740A00609E33 /* OSNExtras.m */,
			);
			name = "OSN Model";
			sourceTree = "<group>";
		};
		A07FA47B151B8F06007687CF = {
			isa = PBXGroup;
			children = (
				A0CD681015231A6C00B402AB /* Model */,
				A07FA490151B8F06007687CF /* UseOSNService */,
				A07FA489151B8F06007687CF /* Frameworks */,
				A07FA487151B8F06007687CF /* Products */,
			);
			sourceTree = "<group>";
		};
		A07FA487151B8F06007687CF /* Products */ = {
			isa = PBXGroup;
			children = (
				A07FA486151B8F06007687CF /* UseOSNService.app */,
			);
			name = Products;
			sourceTree = "<group>";
		};
		A07FA489151B8F06007687CF /* Frameworks */ = {
			isa = PBXGroup;
			children = (
				A07FA50C151C7F21007687CF /* libxml2.2.dylib */,
				A07FA48A151B8F06007687CF /* UIKit.framework */,
				A07FA48C151B8F06007687CF /* Foundation.framework */,
				A07FA48E151B8F06007687CF /* CoreGraphics.framework */,
			);
			name = Frameworks;
			sourceTree = "<group>";
		};
		A07FA490151B8F06007687CF /* UseOSNService */ = {
			isa = PBXGroup;
			children = (
				A07FA499151B8F06007687CF /* AppDelegate.h */,
				A07FA49A151B8F06007687CF /* AppDelegate.m */,
				A07FA49C151B8F06007687CF /* MainStoryboard.storyboard */,
				A07FA49F151B8F06007687CF /* ViewController.h */,
				A07FA4A0151B8F06007687CF /* ViewController.m */,
				A0CD67171520B17D00B402AB /* ViewController2.h */,
				A0CD67181520B17D00B402AB /* ViewController2.m */,
				A0CD67311520C44A00B402AB /* ValueViewController.h */,
				A0CD67321520C44A00B402AB /* ValueViewController.m */,
				A07FA491151B8F06007687CF /* Supporting Files */,
				A07FA4A7151B90AF007687CF /* Libraries */,
			);
			path = UseOSNService;
			sourceTree = "<group>";
		};
		A07FA491151B8F06007687CF /* Supporting Files */ = {
			isa = PBXGroup;
			children = (
				A07FA492151B8F06007687CF /* UseOSNService-Info.plist */,
				A07FA493151B8F06007687CF /* InfoPlist.strings */,
				A07FA496151B8F06007687CF /* main.m */,
				A07FA498151B8F06007687CF /* UseOSNService-Prefix.pch */,
			);
			name = "Supporting Files";
			sourceTree = "<group>";
		};
		A07FA4A7151B90AF007687CF /* Libraries */ = {
			isa = PBXGroup;
			children = (
				A0CD680B1521F73200B402AB /* OSN Utilities */,
				A06C98421520565B00609E33 /* OSN Model */,
				A07FA4DF151C70DD007687CF /* SBJson */,
				A07FA4A8151B970A007687CF /* HTTPXMLJSONFetchers */,
			);
			name = Libraries;
			sourceTree = "<group>";
		};
		A07FA4A8151B970A007687CF /* HTTPXMLJSONFetchers */ = {
			isa = PBXGroup;
			children = (
				A07FA4A9151B970A007687CF /* HTTPFetcher.h */,
				A07FA4AA151B970A007687CF /* HTTPFetcher.m */,
				A07FA4AB151B970A007687CF /* JSONFetcher.h */,
				A07FA4AC151B970A007687CF /* JSONFetcher.m */,
				A07FA4AD151B970A007687CF /* XMLFetcher.h */,
				A07FA4AE151B970A007687CF /* XMLFetcher.m */,
				A07FA4AF151B970A007687CF /* XPathResultNode.h */,
				A07FA4B0151B970A007687CF /* XPathResultNode.m */,
			);
			path = HTTPXMLJSONFetchers;
			sourceTree = "<group>";
		};
		A07FA4DF151C70DD007687CF /* SBJson */ = {
			isa = PBXGroup;
			children = (
				A07FA4E0151C70DD007687CF /* JSON.h */,
				A07FA4E1151C70DD007687CF /* NSObject+SBJson.h */,
				A07FA4E2151C70DD007687CF /* NSObject+SBJson.m */,
				A07FA4E3151C70DD007687CF /* SBJson.h */,
				A07FA4E4151C70DD007687CF /* SBJsonParser.h */,
				A07FA4E5151C70DD007687CF /* SBJsonParser.m */,
				A07FA4E6151C70DD007687CF /* SBJsonStreamParser.h */,
				A07FA4E7151C70DD007687CF /* SBJsonStreamParser.m */,
				A07FA4E8151C70DD007687CF /* SBJsonStreamParserAccumulator.h */,
				A07FA4E9151C70DD007687CF /* SBJsonStreamParserAccumulator.m */,
				A07FA4EA151C70DD007687CF /* SBJsonStreamParserAdapter.h */,
				A07FA4EB151C70DD007687CF /* SBJsonStreamParserAdapter.m */,
				A07FA4EC151C70DD007687CF /* SBJsonStreamParserState.h */,
				A07FA4ED151C70DD007687CF /* SBJsonStreamParserState.m */,
				A07FA4EE151C70DD007687CF /* SBJsonStreamWriter.h */,
				A07FA4EF151C70DD007687CF /* SBJsonStreamWriter.m */,
				A07FA4F0151C70DD007687CF /* SBJsonStreamWriterAccumulator.h */,
				A07FA4F1151C70DD007687CF /* SBJsonStreamWriterAccumulator.m */,
				A07FA4F2151C70DD007687CF /* SBJsonStreamWriterState.h */,
				A07FA4F3151C70DD007687CF /* SBJsonStreamWriterState.m */,
				A07FA4F4151C70DD007687CF /* SBJsonTokeniser.h */,
				A07FA4F5151C70DD007687CF /* SBJsonTokeniser.m */,
				A07FA4F6151C70DD007687CF /* SBJsonUTF8Stream.h */,
				A07FA4F7151C70DD007687CF /* SBJsonUTF8Stream.m */,
				A07FA4F8151C70DD007687CF /* SBJsonWriter.h */,
				A07FA4F9151C70DD007687CF /* SBJsonWriter.m */,
			);
			path = SBJson;
			sourceTree = "<group>";
		};
		A0CD680B1521F73200B402AB /* OSN Utilities */ = {
			isa = PBXGroup;
			children = (
				A0CD680D1521FB9B00B402AB /* OSNUtilities.h */,
				A0CD680E1521FB9B00B402AB /* OSNUtilities.m */,
			);
			name = "OSN Utilities";
			sourceTree = "<group>";
		};
		A0CD681015231A6C00B402AB /* Model */ = {
			isa = PBXGroup;
			children = (
				A0CD681215231A8A00B402AB /* Parking.h */,
				A0CD681315231A8A00B402AB /* Parking.m */,
			);
			name = Model;
			sourceTree = "<group>";
		};
/* End PBXGroup section */

/* Begin PBXNativeTarget section */
		A07FA485151B8F06007687CF /* UseOSNService */ = {
			isa = PBXNativeTarget;
			buildConfigurationList = A07FA4A4151B8F06007687CF /* Build configuration list for PBXNativeTarget "UseOSNService" */;
			buildPhases = (
				A07FA482151B8F06007687CF /* Sources */,
				A07FA483151B8F06007687CF /* Frameworks */,
				A07FA484151B8F06007687CF /* Resources */,
			);
			buildRules = (
			);
			dependencies = (
			);
			name = UseOSNService;
			productName = UseOSNService;
			productReference = A07FA486151B8F06007687CF /* UseOSNService.app */;
			productType = "com.apple.product-type.application";
		};
/* End PBXNativeTarget section */

/* Begin PBXProject section */
		A07FA47D151B8F06007687CF /* Project object */ = {
			isa = PBXProject;
			attributes = {
				LastUpgradeCheck = 0430;
			};
			buildConfigurationList = A07FA480151B8F06007687CF /* Build configuration list for PBXProject "UseOSNService" */;
			compatibilityVersion = "Xcode 3.2";
			developmentRegion = English;
			hasScannedForEncodings = 0;
			knownRegions = (
				en,
			);
			mainGroup = A07FA47B151B8F06007687CF;
			productRefGroup = A07FA487151B8F06007687CF /* Products */;
			projectDirPath = "";
			projectRoot = "";
			targets = (
				A07FA485151B8F06007687CF /* UseOSNService */,
			);
		};
/* End PBXProject section */

/* Begin PBXResourcesBuildPhase section */
		A07FA484151B8F06007687CF /* Resources */ = {
			isa = PBXResourcesBuildPhase;
			buildActionMask = 2147483647;
			files = (
				A07FA495151B8F06007687CF /* InfoPlist.strings in Resources */,
				A07FA49E151B8F06007687CF /* MainStoryboard.storyboard in Resources */,
			);
			runOnlyForDeploymentPostprocessing = 0;
		};
/* End PBXResourcesBuildPhase section */

/* Begin PBXSourcesBuildPhase section */
		A07FA482151B8F06007687CF /* Sources */ = {
			isa = PBXSourcesBuildPhase;
			buildActionMask = 2147483647;
			files = (
				A07FA497151B8F06007687CF /* main.m in Sources */,
				A07FA49B151B8F06007687CF /* AppDelegate.m in Sources */,
				A07FA4A1151B8F06007687CF /* ViewController.m in Sources */,
				A07FA4B1151B970A007687CF /* HTTPFetcher.m in Sources */,
				A07FA4B2151B970A007687CF /* JSONFetcher.m in Sources */,
				A07FA4B3151B970A007687CF /* XMLFetcher.m in Sources */,
				A07FA4B4151B970A007687CF /* XPathResultNode.m in Sources */,
				A07FA4FA151C70DD007687CF /* NSObject+SBJson.m in Sources */,
				A07FA4FB151C70DD007687CF /* SBJsonParser.m in Sources */,
				A07FA4FC151C70DD007687CF /* SBJsonStreamParser.m in Sources */,
				A07FA4FD151C70DD007687CF /* SBJsonStreamParserAccumulator.m in Sources */,
				A07FA4FE151C70DD007687CF /* SBJsonStreamParserAdapter.m in Sources */,
				A07FA4FF151C70DD007687CF /* SBJsonStreamParserState.m in Sources */,
				A07FA500151C70DD007687CF /* SBJsonStreamWriter.m in Sources */,
				A07FA501151C70DD007687CF /* SBJsonStreamWriterAccumulator.m in Sources */,
				A07FA502151C70DD007687CF /* SBJsonStreamWriterState.m in Sources */,
				A07FA503151C70DD007687CF /* SBJsonTokeniser.m in Sources */,
				A07FA504151C70DD007687CF /* SBJsonUTF8Stream.m in Sources */,
				A07FA505151C70DD007687CF /* SBJsonWriter.m in Sources */,
				A06C98401520564B00609E33 /* OSNService.m in Sources */,
				A06C98451520679D00609E33 /* OSNResource.m in Sources */,
				A06C984915206A5C00609E33 /* OSNEntry.m in Sources */,
				A06C984C1520740A00609E33 /* OSNExtras.m in Sources */,
				A0CD67191520B17D00B402AB /* ViewController2.m in Sources */,
				A0CD67331520C44B00B402AB /* ValueViewController.m in Sources */,
				A0CD680F1521FB9B00B402AB /* OSNUtilities.m in Sources */,
				A0CD681415231A8A00B402AB /* Parking.m in Sources */,
			);
			runOnlyForDeploymentPostprocessing = 0;
		};
/* End PBXSourcesBuildPhase section */

/* Begin PBXVariantGroup section */
		A07FA493151B8F06007687CF /* InfoPlist.strings */ = {
			isa = PBXVariantGroup;
			children = (
				A07FA494151B8F06007687CF /* en */,
			);
			name = InfoPlist.strings;
			sourceTree = "<group>";
		};
		A07FA49C151B8F06007687CF /* MainStoryboard.storyboard */ = {
			isa = PBXVariantGroup;
			children = (
				A07FA49D151B8F06007687CF /* en */,
			);
			name = MainStoryboard.storyboard;
			sourceTree = "<group>";
		};
/* End PBXVariantGroup section */

/* Begin XCBuildConfiguration section */
		A07FA4A2151B8F06007687CF /* Debug */ = {
			isa = XCBuildConfiguration;
			buildSettings = {
				ALWAYS_SEARCH_USER_PATHS = NO;
				ARCHS = "$(ARCHS_STANDARD_32_BIT)";
				CLANG_ENABLE_OBJC_ARC = YES;
				"CODE_SIGN_IDENTITY[sdk=iphoneos*]" = "iPhone Developer";
				COPY_PHASE_STRIP = NO;
				GCC_C_LANGUAGE_STANDARD = gnu99;
				GCC_DYNAMIC_NO_PIC = NO;
				GCC_OPTIMIZATION_LEVEL = 0;
				GCC_PREPROCESSOR_DEFINITIONS = (
					"DEBUG=1",
					"$(inherited)",
				);
				GCC_SYMBOLS_PRIVATE_EXTERN = NO;
				GCC_VERSION = com.apple.compilers.llvm.clang.1_0;
				GCC_WARN_ABOUT_RETURN_TYPE = YES;
				GCC_WARN_UNINITIALIZED_AUTOS = YES;
				GCC_WARN_UNUSED_VARIABLE = YES;
				IPHONEOS_DEPLOYMENT_TARGET = 5.1;
				SDKROOT = iphoneos;
			};
			name = Debug;
		};
		A07FA4A3151B8F06007687CF /* Release */ = {
			isa = XCBuildConfiguration;
			buildSettings = {
				ALWAYS_SEARCH_USER_PATHS = NO;
				ARCHS = "$(ARCHS_STANDARD_32_BIT)";
				CLANG_ENABLE_OBJC_ARC = YES;
				"CODE_SIGN_IDENTITY[sdk=iphoneos*]" = "iPhone Developer";
				COPY_PHASE_STRIP = YES;
				GCC_C_LANGUAGE_STANDARD = gnu99;
				GCC_VERSION = com.apple.compilers.llvm.clang.1_0;
				GCC_WARN_ABOUT_RETURN_TYPE = YES;
				GCC_WARN_UNINITIALIZED_AUTOS = YES;
				GCC_WARN_UNUSED_VARIABLE = YES;
				IPHONEOS_DEPLOYMENT_TARGET = 5.1;
				OTHER_CFLAGS = "-DNS_BLOCK_ASSERTIONS=1";
				SDKROOT = iphoneos;
				VALIDATE_PRODUCT = YES;
			};
			name = Release;
		};
		A07FA4A5151B8F06007687CF /* Debug */ = {
			isa = XCBuildConfiguration;
			buildSettings = {
				ALWAYS_SEARCH_USER_PATHS = YES;
				GCC_INCREASE_PRECOMPILED_HEADER_SHARING = NO;
				GCC_PRECOMPILE_PREFIX_HEADER = YES;
				GCC_PREFIX_HEADER = "UseOSNService/UseOSNService-Prefix.pch";
				HEADER_SEARCH_PATHS = "/usr/include/libxml2/**";
				INFOPLIST_FILE = "UseOSNService/UseOSNService-Info.plist";
				IPHONEOS_DEPLOYMENT_TARGET = 5.0;
				LIBRARY_SEARCH_PATHS = "";
				PRODUCT_NAME = "$(TARGET_NAME)";
				WRAPPER_EXTENSION = app;
			};
			name = Debug;
		};
		A07FA4A6151B8F06007687CF /* Release */ = {
			isa = XCBuildConfiguration;
			buildSettings = {
				ALWAYS_SEARCH_USER_PATHS = YES;
				GCC_INCREASE_PRECOMPILED_HEADER_SHARING = NO;
				GCC_PRECOMPILE_PREFIX_HEADER = YES;
				GCC_PREFIX_HEADER = "UseOSNService/UseOSNService-Prefix.pch";
				HEADER_SEARCH_PATHS = "/usr/include/libxml2/**";
				INFOPLIST_FILE = "UseOSNService/UseOSNService-Info.plist";
				IPHONEOS_DEPLOYMENT_TARGET = 5.0;
				LIBRARY_SEARCH_PATHS = "";
				PRODUCT_NAME = "$(TARGET_NAME)";
				WRAPPER_EXTENSION = app;
			};
			name = Release;
		};
/* End XCBuildConfiguration section */

/* Begin XCConfigurationList section */
		A07FA480151B8F06007687CF /* Build configuration list for PBXProject "UseOSNService" */ = {
			isa = XCConfigurationList;
			buildConfigurations = (
				A07FA4A2151B8F06007687CF /* Debug */,
				A07FA4A3151B8F06007687CF /* Release */,
			);
			defaultConfigurationIsVisible = 0;
			defaultConfigurationName = Release;
		};
		A07FA4A4151B8F06007687CF /* Build configuration list for PBXNativeTarget "UseOSNService" */ = {
			isa = XCConfigurationList;
			buildConfigurations = (
				A07FA4A5151B8F06007687CF /* Debug */,
				A07FA4A6151B8F06007687CF /* Release */,
			);
			defaultConfigurationIsVisible = 0;
			defaultConfigurationName = Release;
		};
/* End XCConfigurationList section */
	};
	rootObject = A07FA47D151B8F06007687CF /* Project object */;
}
